
Microsoft Visual Studio Solution File, Format Version 12.00
# Visual Studio Version 17
VisualStudioVersion = 17.11.35327.3
MinimumVisualStudioVersion = 10.0.40219.1
Project("{9A19103F-16F7-4668-BE54-9A1E7A4F7556}") = "FirstCoreMVCWebApplication", "FirstCoreMVCWebApplication.csproj", "{74133575-F9F6-4A49-9F6C-73952EE643EA}"
EndProject
Global
	GlobalSection(SolutionConfigurationPlatforms) = preSolution
		Debug|Any CPU = Debug|Any CPU
		Release|Any CPU = Release|Any CPU
	EndGlobalSection
	GlobalSection(ProjectConfigurationPlatforms) = postSolution
		{74133575-F9F6-4A49-9F6C-73952EE643EA}.Debug|Any CPU.ActiveCfg = Debug|Any CPU
		{74133575-F9F6-4A49-9F6C-73952EE643EA}.Debug|Any CPU.Build.0 = Debug|Any CPU
		{74133575-F9F6-4A49-9F6C-73952EE643EA}.Release|Any CPU.ActiveCfg = Release|Any CPU
		{74133575-F9F6-4A49-9F6C-73952EE643EA}.Release|Any CPU.Build.0 = Release|Any CPU
	EndGlobalSection
	GlobalSection(SolutionProperties) = preSolution
		HideSolutionNode = FALSE
	EndGlobalSection
	GlobalSection(ExtensibilityGlobals) = postSolution
		SolutionGuid = {8B4CFDE2-524A-4D93-B882-C54D7B998625}
	EndGlobalSection
EndGlobal
