
Microsoft Visual Studio Solution File, Format Version 12.00
# Visual Studio Version 17
VisualStudioVersion = 17.11.35327.3
MinimumVisualStudioVersion = 10.0.40219.1
Project("{FAE04EC0-301F-11D3-BF4B-00C04F79EFBC}") = "LINQ", "LINQ\LINQ.csproj", "{627DEEAF-3AF3-4FC9-B6B8-0CB098BB2B8F}"
EndProject
Global
	GlobalSection(SolutionConfigurationPlatforms) = preSolution
		Debug|Any CPU = Debug|Any CPU
		Release|Any CPU = Release|Any CPU
	EndGlobalSection
	GlobalSection(ProjectConfigurationPlatforms) = postSolution
		{627DEEAF-3AF3-4FC9-B6B8-0CB098BB2B8F}.Debug|Any CPU.ActiveCfg = Debug|Any CPU
		{627DEEAF-3AF3-4FC9-B6B8-0CB098BB2B8F}.Debug|Any CPU.Build.0 = Debug|Any CPU
		{627DEEAF-3AF3-4FC9-B6B8-0CB098BB2B8F}.Release|Any CPU.ActiveCfg = Release|Any CPU
		{627DEEAF-3AF3-4FC9-B6B8-0CB098BB2B8F}.Release|Any CPU.Build.0 = Release|Any CPU
	EndGlobalSection
	GlobalSection(SolutionProperties) = preSolution
		HideSolutionNode = FALSE
	EndGlobalSection
	GlobalSection(ExtensibilityGlobals) = postSolution
		SolutionGuid = {65A6E1DB-B15B-4EF6-956B-CD836A5FB4F3}
	EndGlobalSection
EndGlobal
