
Microsoft Visual Studio Solution File, Format Version 12.00
# Visual Studio Version 17
VisualStudioVersion = 17.11.35327.3
MinimumVisualStudioVersion = 10.0.40219.1
Project("{FAE04EC0-301F-11D3-BF4B-00C04F79EFBC}") = "Task", "Task\Task.csproj", "{577DEDC7-1AE7-42EC-B1A7-951D7D154D11}"
EndProject
Global
	GlobalSection(SolutionConfigurationPlatforms) = preSolution
		Debug|Any CPU = Debug|Any CPU
		Release|Any CPU = Release|Any CPU
	EndGlobalSection
	GlobalSection(ProjectConfigurationPlatforms) = postSolution
		{577DEDC7-1AE7-42EC-B1A7-951D7D154D11}.Debug|Any CPU.ActiveCfg = Debug|Any CPU
		{577DEDC7-1AE7-42EC-B1A7-951D7D154D11}.Debug|Any CPU.Build.0 = Debug|Any CPU
		{577DEDC7-1AE7-42EC-B1A7-951D7D154D11}.Release|Any CPU.ActiveCfg = Release|Any CPU
		{577DEDC7-1AE7-42EC-B1A7-951D7D154D11}.Release|Any CPU.Build.0 = Release|Any CPU
	EndGlobalSection
	GlobalSection(SolutionProperties) = preSolution
		HideSolutionNode = FALSE
	EndGlobalSection
	GlobalSection(ExtensibilityGlobals) = postSolution
		SolutionGuid = {B7B38954-0424-4511-9B06-A60F9AA06439}
	EndGlobalSection
EndGlobal
