
Microsoft Visual Studio Solution File, Format Version 12.00
# Visual Studio Version 17
VisualStudioVersion = 17.11.35327.3
MinimumVisualStudioVersion = 10.0.40219.1
Project("{FAE04EC0-301F-11D3-BF4B-00C04F79EFBC}") = "Encapsulation", "Encapsulation\Encapsulation.csproj", "{16BF9DE9-47F5-4794-96AD-8CB6141E149E}"
EndProject
Global
	GlobalSection(SolutionConfigurationPlatforms) = preSolution
		Debug|Any CPU = Debug|Any CPU
		Release|Any CPU = Release|Any CPU
	EndGlobalSection
	GlobalSection(ProjectConfigurationPlatforms) = postSolution
		{16BF9DE9-47F5-4794-96AD-8CB6141E149E}.Debug|Any CPU.ActiveCfg = Debug|Any CPU
		{16BF9DE9-47F5-4794-96AD-8CB6141E149E}.Debug|Any CPU.Build.0 = Debug|Any CPU
		{16BF9DE9-47F5-4794-96AD-8CB6141E149E}.Release|Any CPU.ActiveCfg = Release|Any CPU
		{16BF9DE9-47F5-4794-96AD-8CB6141E149E}.Release|Any CPU.Build.0 = Release|Any CPU
	EndGlobalSection
	GlobalSection(SolutionProperties) = preSolution
		HideSolutionNode = FALSE
	EndGlobalSection
	GlobalSection(ExtensibilityGlobals) = postSolution
		SolutionGuid = {18FAC67F-0980-45A4-85E5-43DB76E0CEEB}
	EndGlobalSection
EndGlobal
